<Solution>
  <Project Path="GlumChip8.Console/GlumChip8.Console.csproj" />
  <Project Path="GlumChip8.Core/GlumChip8.Core.csproj" />
  <Project Path="GlumChip8.GUI/GlumChip8.GUI.csproj" Id="25ba139d-0902-4ba5-b922-f89f6657987a" />
  <Project Path="GlumChip8.Tests/GlumChip8.Tests.csproj" />
</Solution>
